// !$*UTF8*$!
{
	archiveVersion = 1;
	classes = {
	};
	objectVersion = 46;
	objects = {

/* Begin PBXBuildFile section */
		4402811B17C99A4F0076DD44 /* DBStaticField.m in Sources */ = {isa = PBXBuildFile; fileRef = 4402811A17C99A4F0076DD44 /* DBStaticField.m */; };
		4404D2FC17C8BA18003436BB /* MovieDB.m in Sources */ = {isa = PBXBuildFile; fileRef = 4404D2FB17C8BA18003436BB /* MovieDB.m */; };
		4404D2FF17C8C774003436BB /* SimpleCoreObject.m in Sources */ = {isa = PBXBuildFile; fileRef = 4404D2FE17C8C774003436BB /* SimpleCoreObject.m */; };
		4414601A17C7265400E55D97 /* CoreData.framework in Frameworks */ = {isa = PBXBuildFile; fileRef = 4414601917C7265400E55D97 /* CoreData.framework */; };
		4414601D17C7267500E55D97 /* Model.xcdatamodeld in Sources */ = {isa = PBXBuildFile; fileRef = 4414601B17C7267500E55D97 /* Model.xcdatamodeld */; };
		975E162C17C5F5E800EF90D5 /* MovieSearcher.m in Sources */ = {isa = PBXBuildFile; fileRef = 975E162B17C5F5E800EF90D5 /* MovieSearcher.m */; };
		975E163217C6219300EF90D5 /* SVProgressHUD.bundle in Resources */ = {isa = PBXBuildFile; fileRef = 975E162F17C6219300EF90D5 /* SVProgressHUD.bundle */; };
		975E163317C6219300EF90D5 /* SVProgressHUD.m in Sources */ = {isa = PBXBuildFile; fileRef = 975E163117C6219300EF90D5 /* SVProgressHUD.m */; };
		975E163517C621E500EF90D5 /* QuartzCore.framework in Frameworks */ = {isa = PBXBuildFile; fileRef = 975E163417C621E500EF90D5 /* QuartzCore.framework */; };
		97A1403317C5CC0100A92089 /* UIKit.framework in Frameworks */ = {isa = PBXBuildFile; fileRef = 97A1403217C5CC0100A92089 /* UIKit.framework */; };
		97A1403517C5CC0100A92089 /* Foundation.framework in Frameworks */ = {isa = PBXBuildFile; fileRef = 97A1403417C5CC0100A92089 /* Foundation.framework */; };
		97A1403717C5CC0100A92089 /* CoreGraphics.framework in Frameworks */ = {isa = PBXBuildFile; fileRef = 97A1403617C5CC0100A92089 /* CoreGraphics.framework */; };
		97A1403D17C5CC0100A92089 /* InfoPlist.strings in Resources */ = {isa = PBXBuildFile; fileRef = 97A1403B17C5CC0100A92089 /* InfoPlist.strings */; };
		97A1403F17C5CC0100A92089 /* main.m in Sources */ = {isa = PBXBuildFile; fileRef = 97A1403E17C5CC0100A92089 /* main.m */; };
		97A1404317C5CC0100A92089 /* AppDelegate.m in Sources */ = {isa = PBXBuildFile; fileRef = 97A1404217C5CC0100A92089 /* AppDelegate.m */; };
		97A1404517C5CC0100A92089 /* Default.png in Resources */ = {isa = PBXBuildFile; fileRef = 97A1404417C5CC0100A92089 /* Default.png */; };
		97A1404717C5CC0100A92089 /* Default@2x.png in Resources */ = {isa = PBXBuildFile; fileRef = 97A1404617C5CC0100A92089 /* Default@2x.png */; };
		97A1404917C5CC0100A92089 /* Default-568h@2x.png in Resources */ = {isa = PBXBuildFile; fileRef = 97A1404817C5CC0100A92089 /* Default-568h@2x.png */; };
		97A1404C17C5CC0100A92089 /* MainStoryboard.storyboard in Resources */ = {isa = PBXBuildFile; fileRef = 97A1404A17C5CC0100A92089 /* MainStoryboard.storyboard */; };
		97A1405117C5CC0100A92089 /* first.png in Resources */ = {isa = PBXBuildFile; fileRef = 97A1405017C5CC0100A92089 /* first.png */; };
		97A1405317C5CC0100A92089 /* first@2x.png in Resources */ = {isa = PBXBuildFile; fileRef = 97A1405217C5CC0100A92089 /* first@2x.png */; };
		97A1405817C5CC0100A92089 /* second.png in Resources */ = {isa = PBXBuildFile; fileRef = 97A1405717C5CC0100A92089 /* second.png */; };
		97A1405A17C5CC0100A92089 /* second@2x.png in Resources */ = {isa = PBXBuildFile; fileRef = 97A1405917C5CC0100A92089 /* second@2x.png */; };
		97A1406817C5CCB300A92089 /* LogTableViewController.m in Sources */ = {isa = PBXBuildFile; fileRef = 97A1406717C5CCB300A92089 /* LogTableViewController.m */; };
		97A1406A17C5CD6900A92089 /* LogCell.xib in Resources */ = {isa = PBXBuildFile; fileRef = 97A1406917C5CD6900A92089 /* LogCell.xib */; };
		97A1406D17C5CE1100A92089 /* LogCell.m in Sources */ = {isa = PBXBuildFile; fileRef = 97A1406C17C5CE1100A92089 /* LogCell.m */; };
		97A9C26C17C5D27C008676BC /* sample_img60.jpg in Resources */ = {isa = PBXBuildFile; fileRef = 97A9C26B17C5D27C008676BC /* sample_img60.jpg */; };
		97BDF40D17C7507500055CD1 /* LogSelectViewController.m in Sources */ = {isa = PBXBuildFile; fileRef = 97BDF40C17C7507500055CD1 /* LogSelectViewController.m */; };
		97F9680717CAE0640016E151 /* FUIAlertView.m in Sources */ = {isa = PBXBuildFile; fileRef = 97F967D917CAE0640016E151 /* FUIAlertView.m */; };
		97F9680817CAE0640016E151 /* FUIButton.m in Sources */ = {isa = PBXBuildFile; fileRef = 97F967DB17CAE0640016E151 /* FUIButton.m */; };
		97F9680917CAE0640016E151 /* FUICellBackgroundView.m in Sources */ = {isa = PBXBuildFile; fileRef = 97F967DD17CAE0640016E151 /* FUICellBackgroundView.m */; };
		97F9680A17CAE0640016E151 /* FUIPopoverBackgroundView.m in Sources */ = {isa = PBXBuildFile; fileRef = 97F967DF17CAE0640016E151 /* FUIPopoverBackgroundView.m */; };
		97F9680B17CAE0640016E151 /* FUISegmentedControl.m in Sources */ = {isa = PBXBuildFile; fileRef = 97F967E117CAE0640016E151 /* FUISegmentedControl.m */; };
		97F9680C17CAE0640016E151 /* FUISwitch.m in Sources */ = {isa = PBXBuildFile; fileRef = 97F967E317CAE0640016E151 /* FUISwitch.m */; };
		97F9680D17CAE0640016E151 /* UIBarButtonItem+FlatUI.m in Sources */ = {isa = PBXBuildFile; fileRef = 97F967E517CAE0640016E151 /* UIBarButtonItem+FlatUI.m */; };
		97F9680E17CAE0640016E151 /* UIColor+FlatUI.m in Sources */ = {isa = PBXBuildFile; fileRef = 97F967E717CAE0640016E151 /* UIColor+FlatUI.m */; };
		97F9680F17CAE0640016E151 /* UIFont+FlatUI.m in Sources */ = {isa = PBXBuildFile; fileRef = 97F967E917CAE0640016E151 /* UIFont+FlatUI.m */; };
		97F9681017CAE0640016E151 /* UIImage+FlatUI.m in Sources */ = {isa = PBXBuildFile; fileRef = 97F967EB17CAE0640016E151 /* UIImage+FlatUI.m */; };
		97F9681117CAE0640016E151 /* UINavigationBar+FlatUI.m in Sources */ = {isa = PBXBuildFile; fileRef = 97F967ED17CAE0640016E151 /* UINavigationBar+FlatUI.m */; };
		97F9681217CAE0640016E151 /* UIPopoverController+FlatUI.m in Sources */ = {isa = PBXBuildFile; fileRef = 97F967EF17CAE0640016E151 /* UIPopoverController+FlatUI.m */; };
		97F9681317CAE0640016E151 /* UIProgressView+FlatUI.m in Sources */ = {isa = PBXBuildFile; fileRef = 97F967F117CAE0640016E151 /* UIProgressView+FlatUI.m */; };
		97F9681417CAE0640016E151 /* UISlider+FlatUI.m in Sources */ = {isa = PBXBuildFile; fileRef = 97F967F317CAE0640016E151 /* UISlider+FlatUI.m */; };
		97F9681517CAE0640016E151 /* UIStepper+FlatUI.m in Sources */ = {isa = PBXBuildFile; fileRef = 97F967F517CAE0640016E151 /* UIStepper+FlatUI.m */; };
		97F9681617CAE0640016E151 /* UITabBar+FlatUI.m in Sources */ = {isa = PBXBuildFile; fileRef = 97F967F717CAE0640016E151 /* UITabBar+FlatUI.m */; };
		97F9681717CAE0640016E151 /* UITableViewCell+FlatUI.m in Sources */ = {isa = PBXBuildFile; fileRef = 97F967F917CAE0640016E151 /* UITableViewCell+FlatUI.m */; };
		97F9681817CAE0640016E151 /* UIToolbar+FlatUI.m in Sources */ = {isa = PBXBuildFile; fileRef = 97F967FB17CAE0640016E151 /* UIToolbar+FlatUI.m */; };
		97F9681917CAE0640016E151 /* Lato-Black.ttf in Resources */ = {isa = PBXBuildFile; fileRef = 97F967FD17CAE0640016E151 /* Lato-Black.ttf */; };
		97F9681A17CAE0640016E151 /* Lato-BlackItalic.ttf in Resources */ = {isa = PBXBuildFile; fileRef = 97F967FE17CAE0640016E151 /* Lato-BlackItalic.ttf */; };
		97F9681B17CAE0640016E151 /* Lato-Bold.ttf in Resources */ = {isa = PBXBuildFile; fileRef = 97F967FF17CAE0640016E151 /* Lato-Bold.ttf */; };
		97F9681C17CAE0640016E151 /* Lato-BoldItalic.ttf in Resources */ = {isa = PBXBuildFile; fileRef = 97F9680017CAE0640016E151 /* Lato-BoldItalic.ttf */; };
		97F9681D17CAE0640016E151 /* Lato-Hairline.ttf in Resources */ = {isa = PBXBuildFile; fileRef = 97F9680117CAE0640016E151 /* Lato-Hairline.ttf */; };
		97F9681E17CAE0640016E151 /* Lato-HairlineItalic.ttf in Resources */ = {isa = PBXBuildFile; fileRef = 97F9680217CAE0640016E151 /* Lato-HairlineItalic.ttf */; };
		97F9681F17CAE0640016E151 /* Lato-Italic.ttf in Resources */ = {isa = PBXBuildFile; fileRef = 97F9680317CAE0640016E151 /* Lato-Italic.ttf */; };
		97F9682017CAE0640016E151 /* Lato-Light.ttf in Resources */ = {isa = PBXBuildFile; fileRef = 97F9680417CAE0640016E151 /* Lato-Light.ttf */; };
		97F9682117CAE0640016E151 /* Lato-LightItalic.ttf in Resources */ = {isa = PBXBuildFile; fileRef = 97F9680517CAE0640016E151 /* Lato-LightItalic.ttf */; };
		97F9682217CAE0640016E151 /* Lato-Regular.ttf in Resources */ = {isa = PBXBuildFile; fileRef = 97F9680617CAE0640016E151 /* Lato-Regular.ttf */; };
		97F9682417CAE0750016E151 /* CoreText.framework in Frameworks */ = {isa = PBXBuildFile; fileRef = 97F9682317CAE0750016E151 /* CoreText.framework */; };
		97F9682B17CAF4F10016E151 /* CustionViewController.m in Sources */ = {isa = PBXBuildFile; fileRef = 97F9682A17CAF4F10016E151 /* CustionViewController.m */; };
		97F9682E17CB0EAB0016E151 /* dislike.png in Resources */ = {isa = PBXBuildFile; fileRef = 97F9682C17CB0EAA0016E151 /* dislike.png */; };
		97F9682F17CB0EAB0016E151 /* like.png in Resources */ = {isa = PBXBuildFile; fileRef = 97F9682D17CB0EAB0016E151 /* like.png */; };
		97F9683117CB17840016E151 /* SearchViewController.m in Sources */ = {isa = PBXBuildFile; fileRef = 97F9683017CB17840016E151 /* SearchViewController.m */; };
/* End PBXBuildFile section */

/* Begin PBXFileReference section */
		4402811917C99A4F0076DD44 /* DBStaticField.h */ = {isa = PBXFileReference; fileEncoding = 4; lastKnownFileType = sourcecode.c.h; path = DBStaticField.h; sourceTree = "<group>"; };
		4402811A17C99A4F0076DD44 /* DBStaticField.m */ = {isa = PBXFileReference; fileEncoding = 4; lastKnownFileType = sourcecode.c.objc; path = DBStaticField.m; sourceTree = "<group>"; };
		4404D2FA17C8BA18003436BB /* MovieDB.h */ = {isa = PBXFileReference; fileEncoding = 4; lastKnownFileType = sourcecode.c.h; path = MovieDB.h; sourceTree = "<group>"; };
		4404D2FB17C8BA18003436BB /* MovieDB.m */ = {isa = PBXFileReference; fileEncoding = 4; lastKnownFileType = sourcecode.c.objc; path = MovieDB.m; sourceTree = "<group>"; };
		4404D2FD17C8C774003436BB /* SimpleCoreObject.h */ = {isa = PBXFileReference; fileEncoding = 4; lastKnownFileType = sourcecode.c.h; path = SimpleCoreObject.h; sourceTree = "<group>"; };
		4404D2FE17C8C774003436BB /* SimpleCoreObject.m */ = {isa = PBXFileReference; fileEncoding = 4; lastKnownFileType = sourcecode.c.objc; path = SimpleCoreObject.m; sourceTree = "<group>"; };
		4414601917C7265400E55D97 /* CoreData.framework */ = {isa = PBXFileReference; lastKnownFileType = wrapper.framework; name = CoreData.framework; path = System/Library/Frameworks/CoreData.framework; sourceTree = SDKROOT; };
		4414601C17C7267500E55D97 /* Model.xcdatamodel */ = {isa = PBXFileReference; lastKnownFileType = wrapper.xcdatamodel; path = Model.xcdatamodel; sourceTree = "<group>"; };
		975E162A17C5F5E800EF90D5 /* MovieSearcher.h */ = {isa = PBXFileReference; fileEncoding = 4; lastKnownFileType = sourcecode.c.h; path = MovieSearcher.h; sourceTree = "<group>"; };
		975E162B17C5F5E800EF90D5 /* MovieSearcher.m */ = {isa = PBXFileReference; fileEncoding = 4; lastKnownFileType = sourcecode.c.objc; path = MovieSearcher.m; sourceTree = "<group>"; };
		975E162D17C5FAD600EF90D5 /* Const.h */ = {isa = PBXFileReference; lastKnownFileType = sourcecode.c.h; path = Const.h; sourceTree = "<group>"; };
		975E162F17C6219300EF90D5 /* SVProgressHUD.bundle */ = {isa = PBXFileReference; lastKnownFileType = "wrapper.plug-in"; path = SVProgressHUD.bundle; sourceTree = "<group>"; };
		975E163017C6219300EF90D5 /* SVProgressHUD.h */ = {isa = PBXFileReference; fileEncoding = 4; lastKnownFileType = sourcecode.c.h; path = SVProgressHUD.h; sourceTree = "<group>"; };
		975E163117C6219300EF90D5 /* SVProgressHUD.m */ = {isa = PBXFileReference; fileEncoding = 4; lastKnownFileType = sourcecode.c.objc; path = SVProgressHUD.m; sourceTree = "<group>"; };
		975E163417C621E500EF90D5 /* QuartzCore.framework */ = {isa = PBXFileReference; lastKnownFileType = wrapper.framework; name = QuartzCore.framework; path = System/Library/Frameworks/QuartzCore.framework; sourceTree = SDKROOT; };
		97A1402F17C5CC0100A92089 /* MyMovie.app */ = {isa = PBXFileReference; explicitFileType = wrapper.application; includeInIndex = 0; path = MyMovie.app; sourceTree = BUILT_PRODUCTS_DIR; };
		97A1403217C5CC0100A92089 /* UIKit.framework */ = {isa = PBXFileReference; lastKnownFileType = wrapper.framework; name = UIKit.framework; path = System/Library/Frameworks/UIKit.framework; sourceTree = SDKROOT; };
		97A1403417C5CC0100A92089 /* Foundation.framework */ = {isa = PBXFileReference; lastKnownFileType = wrapper.framework; name = Foundation.framework; path = System/Library/Frameworks/Foundation.framework; sourceTree = SDKROOT; };
		97A1403617C5CC0100A92089 /* CoreGraphics.framework */ = {isa = PBXFileReference; lastKnownFileType = wrapper.framework; name = CoreGraphics.framework; path = System/Library/Frameworks/CoreGraphics.framework; sourceTree = SDKROOT; };
		97A1403A17C5CC0100A92089 /* MyMovie-Info.plist */ = {isa = PBXFileReference; lastKnownFileType = text.plist.xml; path = "MyMovie-Info.plist"; sourceTree = "<group>"; };
		97A1403C17C5CC0100A92089 /* en */ = {isa = PBXFileReference; lastKnownFileType = text.plist.strings; name = en; path = en.lproj/InfoPlist.strings; sourceTree = "<group>"; };
		97A1403E17C5CC0100A92089 /* main.m */ = {isa = PBXFileReference; lastKnownFileType = sourcecode.c.objc; path = main.m; sourceTree = "<group>"; };
		97A1404017C5CC0100A92089 /* MyMovie-Prefix.pch */ = {isa = PBXFileReference; lastKnownFileType = sourcecode.c.h; path = "MyMovie-Prefix.pch"; sourceTree = "<group>"; };
		97A1404117C5CC0100A92089 /* AppDelegate.h */ = {isa = PBXFileReference; lastKnownFileType = sourcecode.c.h; path = AppDelegate.h; sourceTree = "<group>"; };
		97A1404217C5CC0100A92089 /* AppDelegate.m */ = {isa = PBXFileReference; lastKnownFileType = sourcecode.c.objc; path = AppDelegate.m; sourceTree = "<group>"; };
		97A1404417C5CC0100A92089 /* Default.png */ = {isa = PBXFileReference; lastKnownFileType = image.png; path = Default.png; sourceTree = "<group>"; };
		97A1404617C5CC0100A92089 /* Default@2x.png */ = {isa = PBXFileReference; lastKnownFileType = image.png; path = "Default@2x.png"; sourceTree = "<group>"; };
		97A1404817C5CC0100A92089 /* Default-568h@2x.png */ = {isa = PBXFileReference; lastKnownFileType = image.png; path = "Default-568h@2x.png"; sourceTree = "<group>"; };
		97A1404B17C5CC0100A92089 /* en */ = {isa = PBXFileReference; lastKnownFileType = file.storyboard; name = en; path = en.lproj/MainStoryboard.storyboard; sourceTree = "<group>"; };
		97A1405017C5CC0100A92089 /* first.png */ = {isa = PBXFileReference; lastKnownFileType = image.png; path = first.png; sourceTree = "<group>"; };
		97A1405217C5CC0100A92089 /* first@2x.png */ = {isa = PBXFileReference; lastKnownFileType = image.png; path = "first@2x.png"; sourceTree = "<group>"; };
		97A1405717C5CC0100A92089 /* second.png */ = {isa = PBXFileReference; lastKnownFileType = image.png; path = second.png; sourceTree = "<group>"; };
		97A1405917C5CC0100A92089 /* second@2x.png */ = {isa = PBXFileReference; lastKnownFileType = image.png; path = "second@2x.png"; sourceTree = "<group>"; };
		97A1406617C5CCB300A92089 /* LogTableViewController.h */ = {isa = PBXFileReference; fileEncoding = 4; lastKnownFileType = sourcecode.c.h; path = LogTableViewController.h; sourceTree = "<group>"; };
		97A1406717C5CCB300A92089 /* LogTableViewController.m */ = {isa = PBXFileReference; fileEncoding = 4; lastKnownFileType = sourcecode.c.objc; path = LogTableViewController.m; sourceTree = "<group>"; };
		97A1406917C5CD6900A92089 /* LogCell.xib */ = {isa = PBXFileReference; fileEncoding = 4; lastKnownFileType = file.xib; path = LogCell.xib; sourceTree = "<group>"; };
		97A1406B17C5CE1100A92089 /* LogCell.h */ = {isa = PBXFileReference; fileEncoding = 4; lastKnownFileType = sourcecode.c.h; path = LogCell.h; sourceTree = "<group>"; };
		97A1406C17C5CE1100A92089 /* LogCell.m */ = {isa = PBXFileReference; fileEncoding = 4; lastKnownFileType = sourcecode.c.objc; path = LogCell.m; sourceTree = "<group>"; };
		97A9C26B17C5D27C008676BC /* sample_img60.jpg */ = {isa = PBXFileReference; lastKnownFileType = image.jpeg; path = sample_img60.jpg; sourceTree = "<group>"; };
		97BDF40B17C7507500055CD1 /* LogSelectViewController.h */ = {isa = PBXFileReference; fileEncoding = 4; lastKnownFileType = sourcecode.c.h; path = LogSelectViewController.h; sourceTree = "<group>"; };
		97BDF40C17C7507500055CD1 /* LogSelectViewController.m */ = {isa = PBXFileReference; fileEncoding = 4; lastKnownFileType = sourcecode.c.objc; path = LogSelectViewController.m; sourceTree = "<group>"; };
		97D4D26D17C75D9E0062DDAF /* SearchViewController.h */ = {isa = PBXFileReference; fileEncoding = 4; lastKnownFileType = sourcecode.c.h; path = SearchViewController.h; sourceTree = "<group>"; };
		97F967D717CAE0640016E151 /* FlatUIKit.h */ = {isa = PBXFileReference; fileEncoding = 4; lastKnownFileType = sourcecode.c.h; path = FlatUIKit.h; sourceTree = "<group>"; };
		97F967D817CAE0640016E151 /* FUIAlertView.h */ = {isa = PBXFileReference; fileEncoding = 4; lastKnownFileType = sourcecode.c.h; path = FUIAlertView.h; sourceTree = "<group>"; };
		97F967D917CAE0640016E151 /* FUIAlertView.m */ = {isa = PBXFileReference; fileEncoding = 4; lastKnownFileType = sourcecode.c.objc; path = FUIAlertView.m; sourceTree = "<group>"; };
		97F967DA17CAE0640016E151 /* FUIButton.h */ = {isa = PBXFileReference; fileEncoding = 4; lastKnownFileType = sourcecode.c.h; path = FUIButton.h; sourceTree = "<group>"; };
		97F967DB17CAE0640016E151 /* FUIButton.m */ = {isa = PBXFileReference; fileEncoding = 4; lastKnownFileType = sourcecode.c.objc; path = FUIButton.m; sourceTree = "<group>"; };
		97F967DC17CAE0640016E151 /* FUICellBackgroundView.h */ = {isa = PBXFileReference; fileEncoding = 4; lastKnownFileType = sourcecode.c.h; path = FUICellBackgroundView.h; sourceTree = "<group>"; };
		97F967DD17CAE0640016E151 /* FUICellBackgroundView.m */ = {isa = PBXFileReference; fileEncoding = 4; lastKnownFileType = sourcecode.c.objc; path = FUICellBackgroundView.m; sourceTree = "<group>"; };
		97F967DE17CAE0640016E151 /* FUIPopoverBackgroundView.h */ = {isa = PBXFileReference; fileEncoding = 4; lastKnownFileType = sourcecode.c.h; path = FUIPopoverBackgroundView.h; sourceTree = "<group>"; };
		97F967DF17CAE0640016E151 /* FUIPopoverBackgroundView.m */ = {isa = PBXFileReference; fileEncoding = 4; lastKnownFileType = sourcecode.c.objc; path = FUIPopoverBackgroundView.m; sourceTree = "<group>"; };
		97F967E017CAE0640016E151 /* FUISegmentedControl.h */ = {isa = PBXFileReference; fileEncoding = 4; lastKnownFileType = sourcecode.c.h; path = FUISegmentedControl.h; sourceTree = "<group>"; };
		97F967E117CAE0640016E151 /* FUISegmentedControl.m */ = {isa = PBXFileReference; fileEncoding = 4; lastKnownFileType = sourcecode.c.objc; path = FUISegmentedControl.m; sourceTree = "<group>"; };
		97F967E217CAE0640016E151 /* FUISwitch.h */ = {isa = PBXFileReference; fileEncoding = 4; lastKnownFileType = sourcecode.c.h; path = FUISwitch.h; sourceTree = "<group>"; };
		97F967E317CAE0640016E151 /* FUISwitch.m */ = {isa = PBXFileReference; fileEncoding = 4; lastKnownFileType = sourcecode.c.objc; path = FUISwitch.m; sourceTree = "<group>"; };
		97F967E417CAE0640016E151 /* UIBarButtonItem+FlatUI.h */ = {isa = PBXFileReference; fileEncoding = 4; lastKnownFileType = sourcecode.c.h; path = "UIBarButtonItem+FlatUI.h"; sourceTree = "<group>"; };
		97F967E517CAE0640016E151 /* UIBarButtonItem+FlatUI.m */ = {isa = PBXFileReference; fileEncoding = 4; lastKnownFileType = sourcecode.c.objc; path = "UIBarButtonItem+FlatUI.m"; sourceTree = "<group>"; };
		97F967E617CAE0640016E151 /* UIColor+FlatUI.h */ = {isa = PBXFileReference; fileEncoding = 4; lastKnownFileType = sourcecode.c.h; path = "UIColor+FlatUI.h"; sourceTree = "<group>"; };
		97F967E717CAE0640016E151 /* UIColor+FlatUI.m */ = {isa = PBXFileReference; fileEncoding = 4; lastKnownFileType = sourcecode.c.objc; path = "UIColor+FlatUI.m"; sourceTree = "<group>"; };
		97F967E817CAE0640016E151 /* UIFont+FlatUI.h */ = {isa = PBXFileReference; fileEncoding = 4; lastKnownFileType = sourcecode.c.h; path = "UIFont+FlatUI.h"; sourceTree = "<group>"; };
		97F967E917CAE0640016E151 /* UIFont+FlatUI.m */ = {isa = PBXFileReference; fileEncoding = 4; lastKnownFileType = sourcecode.c.objc; path = "UIFont+FlatUI.m"; sourceTree = "<group>"; };
		97F967EA17CAE0640016E151 /* UIImage+FlatUI.h */ = {isa = PBXFileReference; fileEncoding = 4; lastKnownFileType = sourcecode.c.h; path = "UIImage+FlatUI.h"; sourceTree = "<group>"; };
		97F967EB17CAE0640016E151 /* UIImage+FlatUI.m */ = {isa = PBXFileReference; fileEncoding = 4; lastKnownFileType = sourcecode.c.objc; path = "UIImage+FlatUI.m"; sourceTree = "<group>"; };
		97F967EC17CAE0640016E151 /* UINavigationBar+FlatUI.h */ = {isa = PBXFileReference; fileEncoding = 4; lastKnownFileType = sourcecode.c.h; path = "UINavigationBar+FlatUI.h"; sourceTree = "<group>"; };
		97F967ED17CAE0640016E151 /* UINavigationBar+FlatUI.m */ = {isa = PBXFileReference; fileEncoding = 4; lastKnownFileType = sourcecode.c.objc; path = "UINavigationBar+FlatUI.m"; sourceTree = "<group>"; };
		97F967EE17CAE0640016E151 /* UIPopoverController+FlatUI.h */ = {isa = PBXFileReference; fileEncoding = 4; lastKnownFileType = sourcecode.c.h; path = "UIPopoverController+FlatUI.h"; sourceTree = "<group>"; };
		97F967EF17CAE0640016E151 /* UIPopoverController+FlatUI.m */ = {isa = PBXFileReference; fileEncoding = 4; lastKnownFileType = sourcecode.c.objc; path = "UIPopoverController+FlatUI.m"; sourceTree = "<group>"; };
		97F967F017CAE0640016E151 /* UIProgressView+FlatUI.h */ = {isa = PBXFileReference; fileEncoding = 4; lastKnownFileType = sourcecode.c.h; path = "UIProgressView+FlatUI.h"; sourceTree = "<group>"; };
		97F967F117CAE0640016E151 /* UIProgressView+FlatUI.m */ = {isa = PBXFileReference; fileEncoding = 4; lastKnownFileType = sourcecode.c.objc; path = "UIProgressView+FlatUI.m"; sourceTree = "<group>"; };
		97F967F217CAE0640016E151 /* UISlider+FlatUI.h */ = {isa = PBXFileReference; fileEncoding = 4; lastKnownFileType = sourcecode.c.h; path = "UISlider+FlatUI.h"; sourceTree = "<group>"; };
		97F967F317CAE0640016E151 /* UISlider+FlatUI.m */ = {isa = PBXFileReference; fileEncoding = 4; lastKnownFileType = sourcecode.c.objc; path = "UISlider+FlatUI.m"; sourceTree = "<group>"; };
		97F967F417CAE0640016E151 /* UIStepper+FlatUI.h */ = {isa = PBXFileReference; fileEncoding = 4; lastKnownFileType = sourcecode.c.h; path = "UIStepper+FlatUI.h"; sourceTree = "<group>"; };
		97F967F517CAE0640016E151 /* UIStepper+FlatUI.m */ = {isa = PBXFileReference; fileEncoding = 4; lastKnownFileType = sourcecode.c.objc; path = "UIStepper+FlatUI.m"; sourceTree = "<group>"; };
		97F967F617CAE0640016E151 /* UITabBar+FlatUI.h */ = {isa = PBXFileReference; fileEncoding = 4; lastKnownFileType = sourcecode.c.h; path = "UITabBar+FlatUI.h"; sourceTree = "<group>"; };
		97F967F717CAE0640016E151 /* UITabBar+FlatUI.m */ = {isa = PBXFileReference; fileEncoding = 4; lastKnownFileType = sourcecode.c.objc; path = "UITabBar+FlatUI.m"; sourceTree = "<group>"; };
		97F967F817CAE0640016E151 /* UITableViewCell+FlatUI.h */ = {isa = PBXFileReference; fileEncoding = 4; lastKnownFileType = sourcecode.c.h; path = "UITableViewCell+FlatUI.h"; sourceTree = "<group>"; };
		97F967F917CAE0640016E151 /* UITableViewCell+FlatUI.m */ = {isa = PBXFileReference; fileEncoding = 4; lastKnownFileType = sourcecode.c.objc; path = "UITableViewCell+FlatUI.m"; sourceTree = "<group>"; };
		97F967FA17CAE0640016E151 /* UIToolbar+FlatUI.h */ = {isa = PBXFileReference; fileEncoding = 4; lastKnownFileType = sourcecode.c.h; path = "UIToolbar+FlatUI.h"; sourceTree = "<group>"; };
		97F967FB17CAE0640016E151 /* UIToolbar+FlatUI.m */ = {isa = PBXFileReference; fileEncoding = 4; lastKnownFileType = sourcecode.c.objc; path = "UIToolbar+FlatUI.m"; sourceTree = "<group>"; };
		97F967FD17CAE0640016E151 /* Lato-Black.ttf */ = {isa = PBXFileReference; lastKnownFileType = file; path = "Lato-Black.ttf"; sourceTree = "<group>"; };
		97F967FE17CAE0640016E151 /* Lato-BlackItalic.ttf */ = {isa = PBXFileReference; lastKnownFileType = file; path = "Lato-BlackItalic.ttf"; sourceTree = "<group>"; };
		97F967FF17CAE0640016E151 /* Lato-Bold.ttf */ = {isa = PBXFileReference; lastKnownFileType = file; path = "Lato-Bold.ttf"; sourceTree = "<group>"; };
		97F9680017CAE0640016E151 /* Lato-BoldItalic.ttf */ = {isa = PBXFileReference; lastKnownFileType = file; path = "Lato-BoldItalic.ttf"; sourceTree = "<group>"; };
		97F9680117CAE0640016E151 /* Lato-Hairline.ttf */ = {isa = PBXFileReference; lastKnownFileType = file; path = "Lato-Hairline.ttf"; sourceTree = "<group>"; };
		97F9680217CAE0640016E151 /* Lato-HairlineItalic.ttf */ = {isa = PBXFileReference; lastKnownFileType = file; path = "Lato-HairlineItalic.ttf"; sourceTree = "<group>"; };
		97F9680317CAE0640016E151 /* Lato-Italic.ttf */ = {isa = PBXFileReference; lastKnownFileType = file; path = "Lato-Italic.ttf"; sourceTree = "<group>"; };
		97F9680417CAE0640016E151 /* Lato-Light.ttf */ = {isa = PBXFileReference; lastKnownFileType = file; path = "Lato-Light.ttf"; sourceTree = "<group>"; };
		97F9680517CAE0640016E151 /* Lato-LightItalic.ttf */ = {isa = PBXFileReference; lastKnownFileType = file; path = "Lato-LightItalic.ttf"; sourceTree = "<group>"; };
		97F9680617CAE0640016E151 /* Lato-Regular.ttf */ = {isa = PBXFileReference; lastKnownFileType = file; path = "Lato-Regular.ttf"; sourceTree = "<group>"; };
		97F9682317CAE0750016E151 /* CoreText.framework */ = {isa = PBXFileReference; lastKnownFileType = wrapper.framework; name = CoreText.framework; path = System/Library/Frameworks/CoreText.framework; sourceTree = SDKROOT; };
		97F9682817CAF4B50016E151 /* SelectViewDelegate.h */ = {isa = PBXFileReference; lastKnownFileType = sourcecode.c.h; path = SelectViewDelegate.h; sourceTree = "<group>"; };
		97F9682917CAF4F10016E151 /* CustionViewController.h */ = {isa = PBXFileReference; fileEncoding = 4; lastKnownFileType = sourcecode.c.h; path = CustionViewController.h; sourceTree = "<group>"; };
		97F9682A17CAF4F10016E151 /* CustionViewController.m */ = {isa = PBXFileReference; fileEncoding = 4; lastKnownFileType = sourcecode.c.objc; path = CustionViewController.m; sourceTree = "<group>"; };
		97F9682C17CB0EAA0016E151 /* dislike.png */ = {isa = PBXFileReference; lastKnownFileType = image.png; path = dislike.png; sourceTree = "<group>"; };
		97F9682D17CB0EAB0016E151 /* like.png */ = {isa = PBXFileReference; lastKnownFileType = image.png; path = like.png; sourceTree = "<group>"; };
		97F9683017CB17840016E151 /* SearchViewController.m */ = {isa = PBXFileReference; fileEncoding = 4; lastKnownFileType = sourcecode.c.objc; path = SearchViewController.m; sourceTree = "<group>"; };
		97F9683217CB179D0016E151 /* Movie.h */ = {isa = PBXFileReference; lastKnownFileType = sourcecode.c.h; path = Movie.h; sourceTree = "<group>"; };
		97F9683317CB179D0016E151 /* Movie.m */ = {isa = PBXFileReference; lastKnownFileType = sourcecode.c.objc; path = Movie.m; sourceTree = "<group>"; };
/* End PBXFileReference section */

/* Begin PBXFrameworksBuildPhase section */
		97A1402C17C5CC0100A92089 /* Frameworks */ = {
			isa = PBXFrameworksBuildPhase;
			buildActionMask = 2147483647;
			files = (
				97F9682417CAE0750016E151 /* CoreText.framework in Frameworks */,
				4414601A17C7265400E55D97 /* CoreData.framework in Frameworks */,
				975E163517C621E500EF90D5 /* QuartzCore.framework in Frameworks */,
				97A1403317C5CC0100A92089 /* UIKit.framework in Frameworks */,
				97A1403517C5CC0100A92089 /* Foundation.framework in Frameworks */,
				97A1403717C5CC0100A92089 /* CoreGraphics.framework in Frameworks */,
			);
			runOnlyForDeploymentPostprocessing = 0;
		};
/* End PBXFrameworksBuildPhase section */

/* Begin PBXGroup section */
		975E162917C5F04D00EF90D5 /* Logic */ = {
			isa = PBXGroup;
			children = (
				97F9683217CB179D0016E151 /* Movie.h */,
				97F9683317CB179D0016E151 /* Movie.m */,
				975E162A17C5F5E800EF90D5 /* MovieSearcher.h */,
				975E162B17C5F5E800EF90D5 /* MovieSearcher.m */,
			);
			name = Logic;
			sourceTree = "<group>";
		};
		975E162E17C6219300EF90D5 /* SVProgressHUD */ = {
			isa = PBXGroup;
			children = (
				975E162F17C6219300EF90D5 /* SVProgressHUD.bundle */,
				975E163017C6219300EF90D5 /* SVProgressHUD.h */,
				975E163117C6219300EF90D5 /* SVProgressHUD.m */,
			);
			path = SVProgressHUD;
			sourceTree = "<group>";
		};
		97A1402617C5CC0100A92089 = {
			isa = PBXGroup;
			children = (
				97F967D517CAE0640016E151 /* Classes */,
				97F967FC17CAE0640016E151 /* Resources */,
				4414601B17C7267500E55D97 /* Model.xcdatamodeld */,
				4404D2FA17C8BA18003436BB /* MovieDB.h */,
				4404D2FD17C8C774003436BB /* SimpleCoreObject.h */,
				4404D2FE17C8C774003436BB /* SimpleCoreObject.m */,
				4404D2FB17C8BA18003436BB /* MovieDB.m */,
				97F9682317CAE0750016E151 /* CoreText.framework */,
				4414601917C7265400E55D97 /* CoreData.framework */,
				975E163417C621E500EF90D5 /* QuartzCore.framework */,
				97A1403817C5CC0100A92089 /* MyMovie */,
				97A1403117C5CC0100A92089 /* Frameworks */,
				97A1403017C5CC0100A92089 /* Products */,
			);
			sourceTree = "<group>";
		};
		97A1403017C5CC0100A92089 /* Products */ = {
			isa = PBXGroup;
			children = (
				97A1402F17C5CC0100A92089 /* MyMovie.app */,
			);
			name = Products;
			sourceTree = "<group>";
		};
		97A1403117C5CC0100A92089 /* Frameworks */ = {
			isa = PBXGroup;
			children = (
				97A1403217C5CC0100A92089 /* UIKit.framework */,
				97A1403417C5CC0100A92089 /* Foundation.framework */,
				97A1403617C5CC0100A92089 /* CoreGraphics.framework */,
			);
			name = Frameworks;
			sourceTree = "<group>";
		};
		97A1403817C5CC0100A92089 /* MyMovie */ = {
			isa = PBXGroup;
			children = (
				975E162D17C5FAD600EF90D5 /* Const.h */,
				97A1404117C5CC0100A92089 /* AppDelegate.h */,
				97A1404217C5CC0100A92089 /* AppDelegate.m */,
				97A1404A17C5CC0100A92089 /* MainStoryboard.storyboard */,
				97F9682817CAF4B50016E151 /* SelectViewDelegate.h */,
				97F9682917CAF4F10016E151 /* CustionViewController.h */,
				97F9682A17CAF4F10016E151 /* CustionViewController.m */,
				97A1406117C5CC5200A92089 /* LogViews */,
				97A1406217C5CC6400A92089 /* SearchViews */,
				975E162917C5F04D00EF90D5 /* Logic */,
				97A1403917C5CC0100A92089 /* Supporting Files */,
				975E162E17C6219300EF90D5 /* SVProgressHUD */,
			);
			path = MyMovie;
			sourceTree = "<group>";
		};
		97A1403917C5CC0100A92089 /* Supporting Files */ = {
			isa = PBXGroup;
			children = (
				97A1406017C5CC3B00A92089 /* images */,
			);
			name = "Supporting Files";
			sourceTree = "<group>";
		};
		97A1406017C5CC3B00A92089 /* images */ = {
			isa = PBXGroup;
			children = (
				97F9682C17CB0EAA0016E151 /* dislike.png */,
				97F9682D17CB0EAB0016E151 /* like.png */,
				97A9C26B17C5D27C008676BC /* sample_img60.jpg */,
				97A1405017C5CC0100A92089 /* first.png */,
				97A1405217C5CC0100A92089 /* first@2x.png */,
				97A1405717C5CC0100A92089 /* second.png */,
				97A1405917C5CC0100A92089 /* second@2x.png */,
				97A1403A17C5CC0100A92089 /* MyMovie-Info.plist */,
				97A1403B17C5CC0100A92089 /* InfoPlist.strings */,
				97A1403E17C5CC0100A92089 /* main.m */,
				97A1404017C5CC0100A92089 /* MyMovie-Prefix.pch */,
				97A1404417C5CC0100A92089 /* Default.png */,
				97A1404617C5CC0100A92089 /* Default@2x.png */,
				97A1404817C5CC0100A92089 /* Default-568h@2x.png */,
			);
			name = images;
			sourceTree = "<group>";
		};
		97A1406117C5CC5200A92089 /* LogViews */ = {
			isa = PBXGroup;
			children = (
				97A1406617C5CCB300A92089 /* LogTableViewController.h */,
				97A1406717C5CCB300A92089 /* LogTableViewController.m */,
				4402811917C99A4F0076DD44 /* DBStaticField.h */,
				4402811A17C99A4F0076DD44 /* DBStaticField.m */,
				97BDF40B17C7507500055CD1 /* LogSelectViewController.h */,
				97BDF40C17C7507500055CD1 /* LogSelectViewController.m */,
				97A1406B17C5CE1100A92089 /* LogCell.h */,
				97A1406C17C5CE1100A92089 /* LogCell.m */,
				97A1406917C5CD6900A92089 /* LogCell.xib */,
			);
			name = LogViews;
			sourceTree = "<group>";
		};
		97A1406217C5CC6400A92089 /* SearchViews */ = {
			isa = PBXGroup;
			children = (
				97F9683017CB17840016E151 /* SearchViewController.m */,
				97D4D26D17C75D9E0062DDAF /* SearchViewController.h */,
			);
			name = SearchViews;
			sourceTree = "<group>";
		};
		97F967D517CAE0640016E151 /* Classes */ = {
			isa = PBXGroup;
			children = (
				97F967D617CAE0640016E151 /* ios */,
			);
			path = Classes;
			sourceTree = "<group>";
		};
		97F967D617CAE0640016E151 /* ios */ = {
			isa = PBXGroup;
			children = (
				97F967D717CAE0640016E151 /* FlatUIKit.h */,
				97F967D817CAE0640016E151 /* FUIAlertView.h */,
				97F967D917CAE0640016E151 /* FUIAlertView.m */,
				97F967DA17CAE0640016E151 /* FUIButton.h */,
				97F967DB17CAE0640016E151 /* FUIButton.m */,
				97F967DC17CAE0640016E151 /* FUICellBackgroundView.h */,
				97F967DD17CAE0640016E151 /* FUICellBackgroundView.m */,
				97F967DE17CAE0640016E151 /* FUIPopoverBackgroundView.h */,
				97F967DF17CAE0640016E151 /* FUIPopoverBackgroundView.m */,
				97F967E017CAE0640016E151 /* FUISegmentedControl.h */,
				97F967E117CAE0640016E151 /* FUISegmentedControl.m */,
				97F967E217CAE0640016E151 /* FUISwitch.h */,
				97F967E317CAE0640016E151 /* FUISwitch.m */,
				97F967E417CAE0640016E151 /* UIBarButtonItem+FlatUI.h */,
				97F967E517CAE0640016E151 /* UIBarButtonItem+FlatUI.m */,
				97F967E617CAE0640016E151 /* UIColor+FlatUI.h */,
				97F967E717CAE0640016E151 /* UIColor+FlatUI.m */,
				97F967E817CAE0640016E151 /* UIFont+FlatUI.h */,
				97F967E917CAE0640016E151 /* UIFont+FlatUI.m */,
				97F967EA17CAE0640016E151 /* UIImage+FlatUI.h */,
				97F967EB17CAE0640016E151 /* UIImage+FlatUI.m */,
				97F967EC17CAE0640016E151 /* UINavigationBar+FlatUI.h */,
				97F967ED17CAE0640016E151 /* UINavigationBar+FlatUI.m */,
				97F967EE17CAE0640016E151 /* UIPopoverController+FlatUI.h */,
				97F967EF17CAE0640016E151 /* UIPopoverController+FlatUI.m */,
				97F967F017CAE0640016E151 /* UIProgressView+FlatUI.h */,
				97F967F117CAE0640016E151 /* UIProgressView+FlatUI.m */,
				97F967F217CAE0640016E151 /* UISlider+FlatUI.h */,
				97F967F317CAE0640016E151 /* UISlider+FlatUI.m */,
				97F967F417CAE0640016E151 /* UIStepper+FlatUI.h */,
				97F967F517CAE0640016E151 /* UIStepper+FlatUI.m */,
				97F967F617CAE0640016E151 /* UITabBar+FlatUI.h */,
				97F967F717CAE0640016E151 /* UITabBar+FlatUI.m */,
				97F967F817CAE0640016E151 /* UITableViewCell+FlatUI.h */,
				97F967F917CAE0640016E151 /* UITableViewCell+FlatUI.m */,
				97F967FA17CAE0640016E151 /* UIToolbar+FlatUI.h */,
				97F967FB17CAE0640016E151 /* UIToolbar+FlatUI.m */,
			);
			path = ios;
			sourceTree = "<group>";
		};
		97F967FC17CAE0640016E151 /* Resources */ = {
			isa = PBXGroup;
			children = (
				97F967FD17CAE0640016E151 /* Lato-Black.ttf */,
				97F967FE17CAE0640016E151 /* Lato-BlackItalic.ttf */,
				97F967FF17CAE0640016E151 /* Lato-Bold.ttf */,
				97F9680017CAE0640016E151 /* Lato-BoldItalic.ttf */,
				97F9680117CAE0640016E151 /* Lato-Hairline.ttf */,
				97F9680217CAE0640016E151 /* Lato-HairlineItalic.ttf */,
				97F9680317CAE0640016E151 /* Lato-Italic.ttf */,
				97F9680417CAE0640016E151 /* Lato-Light.ttf */,
				97F9680517CAE0640016E151 /* Lato-LightItalic.ttf */,
				97F9680617CAE0640016E151 /* Lato-Regular.ttf */,
			);
			path = Resources;
			sourceTree = "<group>";
		};
/* End PBXGroup section */

/* Begin PBXNativeTarget section */
		97A1402E17C5CC0100A92089 /* MyMovie */ = {
			isa = PBXNativeTarget;
			buildConfigurationList = 97A1405D17C5CC0100A92089 /* Build configuration list for PBXNativeTarget "MyMovie" */;
			buildPhases = (
				97A1402B17C5CC0100A92089 /* Sources */,
				97A1402C17C5CC0100A92089 /* Frameworks */,
				97A1402D17C5CC0100A92089 /* Resources */,
			);
			buildRules = (
			);
			dependencies = (
			);
			name = MyMovie;
			productName = MyMovie;
			productReference = 97A1402F17C5CC0100A92089 /* MyMovie.app */;
			productType = "com.apple.product-type.application";
		};
/* End PBXNativeTarget section */

/* Begin PBXProject section */
		97A1402717C5CC0100A92089 /* Project object */ = {
			isa = PBXProject;
			attributes = {
				LastUpgradeCheck = 0460;
				ORGANIZATIONNAME = fett;
			};
			buildConfigurationList = 97A1402A17C5CC0100A92089 /* Build configuration list for PBXProject "MyMovie" */;
			compatibilityVersion = "Xcode 3.2";
			developmentRegion = English;
			hasScannedForEncodings = 0;
			knownRegions = (
				en,
			);
			mainGroup = 97A1402617C5CC0100A92089;
			productRefGroup = 97A1403017C5CC0100A92089 /* Products */;
			projectDirPath = "";
			projectRoot = "";
			targets = (
				97A1402E17C5CC0100A92089 /* MyMovie */,
			);
		};
/* End PBXProject section */

/* Begin PBXResourcesBuildPhase section */
		97A1402D17C5CC0100A92089 /* Resources */ = {
			isa = PBXResourcesBuildPhase;
			buildActionMask = 2147483647;
			files = (
				97A1403D17C5CC0100A92089 /* InfoPlist.strings in Resources */,
				97A1404517C5CC0100A92089 /* Default.png in Resources */,
				97A1404717C5CC0100A92089 /* Default@2x.png in Resources */,
				97A1404917C5CC0100A92089 /* Default-568h@2x.png in Resources */,
				97A1404C17C5CC0100A92089 /* MainStoryboard.storyboard in Resources */,
				97A1405117C5CC0100A92089 /* first.png in Resources */,
				97A1405317C5CC0100A92089 /* first@2x.png in Resources */,
				97A1405817C5CC0100A92089 /* second.png in Resources */,
				97A1405A17C5CC0100A92089 /* second@2x.png in Resources */,
				97A1406A17C5CD6900A92089 /* LogCell.xib in Resources */,
				97A9C26C17C5D27C008676BC /* sample_img60.jpg in Resources */,
				975E163217C6219300EF90D5 /* SVProgressHUD.bundle in Resources */,
				97F9681917CAE0640016E151 /* Lato-Black.ttf in Resources */,
				97F9681A17CAE0640016E151 /* Lato-BlackItalic.ttf in Resources */,
				97F9681B17CAE0640016E151 /* Lato-Bold.ttf in Resources */,
				97F9681C17CAE0640016E151 /* Lato-BoldItalic.ttf in Resources */,
				97F9681D17CAE0640016E151 /* Lato-Hairline.ttf in Resources */,
				97F9681E17CAE0640016E151 /* Lato-HairlineItalic.ttf in Resources */,
				97F9681F17CAE0640016E151 /* Lato-Italic.ttf in Resources */,
				97F9682017CAE0640016E151 /* Lato-Light.ttf in Resources */,
				97F9682117CAE0640016E151 /* Lato-LightItalic.ttf in Resources */,
				97F9682217CAE0640016E151 /* Lato-Regular.ttf in Resources */,
				97F9682E17CB0EAB0016E151 /* dislike.png in Resources */,
				97F9682F17CB0EAB0016E151 /* like.png in Resources */,
			);
			runOnlyForDeploymentPostprocessing = 0;
		};
/* End PBXResourcesBuildPhase section */

/* Begin PBXSourcesBuildPhase section */
		97A1402B17C5CC0100A92089 /* Sources */ = {
			isa = PBXSourcesBuildPhase;
			buildActionMask = 2147483647;
			files = (
				97A1403F17C5CC0100A92089 /* main.m in Sources */,
				97A1404317C5CC0100A92089 /* AppDelegate.m in Sources */,
				97A1406817C5CCB300A92089 /* LogTableViewController.m in Sources */,
				97A1406D17C5CE1100A92089 /* LogCell.m in Sources */,
				975E162C17C5F5E800EF90D5 /* MovieSearcher.m in Sources */,
				975E163317C6219300EF90D5 /* SVProgressHUD.m in Sources */,
				4414601D17C7267500E55D97 /* Model.xcdatamodeld in Sources */,
				97BDF40D17C7507500055CD1 /* LogSelectViewController.m in Sources */,
				4404D2FC17C8BA18003436BB /* MovieDB.m in Sources */,
				4404D2FF17C8C774003436BB /* SimpleCoreObject.m in Sources */,
				4402811B17C99A4F0076DD44 /* DBStaticField.m in Sources */,
				97F9680717CAE0640016E151 /* FUIAlertView.m in Sources */,
				97F9680817CAE0640016E151 /* FUIButton.m in Sources */,
				97F9680917CAE0640016E151 /* FUICellBackgroundView.m in Sources */,
				97F9680A17CAE0640016E151 /* FUIPopoverBackgroundView.m in Sources */,
				97F9680B17CAE0640016E151 /* FUISegmentedControl.m in Sources */,
				97F9680C17CAE0640016E151 /* FUISwitch.m in Sources */,
				97F9680D17CAE0640016E151 /* UIBarButtonItem+FlatUI.m in Sources */,
				97F9680E17CAE0640016E151 /* UIColor+FlatUI.m in Sources */,
				97F9680F17CAE0640016E151 /* UIFont+FlatUI.m in Sources */,
				97F9681017CAE0640016E151 /* UIImage+FlatUI.m in Sources */,
				97F9681117CAE0640016E151 /* UINavigationBar+FlatUI.m in Sources */,
				97F9681217CAE0640016E151 /* UIPopoverController+FlatUI.m in Sources */,
				97F9681317CAE0640016E151 /* UIProgressView+FlatUI.m in Sources */,
				97F9681417CAE0640016E151 /* UISlider+FlatUI.m in Sources */,
				97F9681517CAE0640016E151 /* UIStepper+FlatUI.m in Sources */,
				97F9681617CAE0640016E151 /* UITabBar+FlatUI.m in Sources */,
				97F9681717CAE0640016E151 /* UITableViewCell+FlatUI.m in Sources */,
				97F9681817CAE0640016E151 /* UIToolbar+FlatUI.m in Sources */,
				97F9682B17CAF4F10016E151 /* CustionViewController.m in Sources */,
				97F9683117CB17840016E151 /* SearchViewController.m in Sources */,
			);
			runOnlyForDeploymentPostprocessing = 0;
		};
/* End PBXSourcesBuildPhase section */

/* Begin PBXVariantGroup section */
		97A1403B17C5CC0100A92089 /* InfoPlist.strings */ = {
			isa = PBXVariantGroup;
			children = (
				97A1403C17C5CC0100A92089 /* en */,
			);
			name = InfoPlist.strings;
			sourceTree = "<group>";
		};
		97A1404A17C5CC0100A92089 /* MainStoryboard.storyboard */ = {
			isa = PBXVariantGroup;
			children = (
				97A1404B17C5CC0100A92089 /* en */,
			);
			name = MainStoryboard.storyboard;
			sourceTree = "<group>";
		};
/* End PBXVariantGroup section */

/* Begin XCBuildConfiguration section */
		97A1405B17C5CC0100A92089 /* Debug */ = {
			isa = XCBuildConfiguration;
			buildSettings = {
				ALWAYS_SEARCH_USER_PATHS = NO;
				CLANG_CXX_LANGUAGE_STANDARD = "gnu++0x";
				CLANG_CXX_LIBRARY = "libc++";
				CLANG_ENABLE_OBJC_ARC = YES;
				CLANG_WARN_CONSTANT_CONVERSION = YES;
				CLANG_WARN_EMPTY_BODY = YES;
				CLANG_WARN_ENUM_CONVERSION = YES;
				CLANG_WARN_INT_CONVERSION = YES;
				CLANG_WARN__DUPLICATE_METHOD_MATCH = YES;
				"CODE_SIGN_IDENTITY[sdk=iphoneos*]" = "iPhone Developer";
				COPY_PHASE_STRIP = NO;
				GCC_C_LANGUAGE_STANDARD = gnu99;
				GCC_DYNAMIC_NO_PIC = NO;
				GCC_OPTIMIZATION_LEVEL = 0;
				GCC_PREPROCESSOR_DEFINITIONS = (
					"DEBUG=1",
					"$(inherited)",
				);
				GCC_SYMBOLS_PRIVATE_EXTERN = NO;
				GCC_WARN_ABOUT_RETURN_TYPE = YES;
				GCC_WARN_UNINITIALIZED_AUTOS = YES;
				GCC_WARN_UNUSED_VARIABLE = YES;
				IPHONEOS_DEPLOYMENT_TARGET = 6.1;
				ONLY_ACTIVE_ARCH = YES;
				SDKROOT = iphoneos;
			};
			name = Debug;
		};
		97A1405C17C5CC0100A92089 /* Release */ = {
			isa = XCBuildConfiguration;
			buildSettings = {
				ALWAYS_SEARCH_USER_PATHS = NO;
				CLANG_CXX_LANGUAGE_STANDARD = "gnu++0x";
				CLANG_CXX_LIBRARY = "libc++";
				CLANG_ENABLE_OBJC_ARC = YES;
				CLANG_WARN_CONSTANT_CONVERSION = YES;
				CLANG_WARN_EMPTY_BODY = YES;
				CLANG_WARN_ENUM_CONVERSION = YES;
				CLANG_WARN_INT_CONVERSION = YES;
				CLANG_WARN__DUPLICATE_METHOD_MATCH = YES;
				"CODE_SIGN_IDENTITY[sdk=iphoneos*]" = "iPhone Developer";
				COPY_PHASE_STRIP = YES;
				GCC_C_LANGUAGE_STANDARD = gnu99;
				GCC_WARN_ABOUT_RETURN_TYPE = YES;
				GCC_WARN_UNINITIALIZED_AUTOS = YES;
				GCC_WARN_UNUSED_VARIABLE = YES;
				IPHONEOS_DEPLOYMENT_TARGET = 6.1;
				OTHER_CFLAGS = "-DNS_BLOCK_ASSERTIONS=1";
				SDKROOT = iphoneos;
				VALIDATE_PRODUCT = YES;
			};
			name = Release;
		};
		97A1405E17C5CC0100A92089 /* Debug */ = {
			isa = XCBuildConfiguration;
			buildSettings = {
				GCC_PRECOMPILE_PREFIX_HEADER = YES;
				GCC_PREFIX_HEADER = "MyMovie/MyMovie-Prefix.pch";
				INFOPLIST_FILE = "MyMovie/MyMovie-Info.plist";
				PRODUCT_NAME = "$(TARGET_NAME)";
				WRAPPER_EXTENSION = app;
			};
			name = Debug;
		};
		97A1405F17C5CC0100A92089 /* Release */ = {
			isa = XCBuildConfiguration;
			buildSettings = {
				GCC_PRECOMPILE_PREFIX_HEADER = YES;
				GCC_PREFIX_HEADER = "MyMovie/MyMovie-Prefix.pch";
				INFOPLIST_FILE = "MyMovie/MyMovie-Info.plist";
				PRODUCT_NAME = "$(TARGET_NAME)";
				WRAPPER_EXTENSION = app;
			};
			name = Release;
		};
/* End XCBuildConfiguration section */

/* Begin XCConfigurationList section */
		97A1402A17C5CC0100A92089 /* Build configuration list for PBXProject "MyMovie" */ = {
			isa = XCConfigurationList;
			buildConfigurations = (
				97A1405B17C5CC0100A92089 /* Debug */,
				97A1405C17C5CC0100A92089 /* Release */,
			);
			defaultConfigurationIsVisible = 0;
			defaultConfigurationName = Release;
		};
		97A1405D17C5CC0100A92089 /* Build configuration list for PBXNativeTarget "MyMovie" */ = {
			isa = XCConfigurationList;
			buildConfigurations = (
				97A1405E17C5CC0100A92089 /* Debug */,
				97A1405F17C5CC0100A92089 /* Release */,
			);
			defaultConfigurationIsVisible = 0;
			defaultConfigurationName = Release;
		};
/* End XCConfigurationList section */

/* Begin XCVersionGroup section */
		4414601B17C7267500E55D97 /* Model.xcdatamodeld */ = {
			isa = XCVersionGroup;
			children = (
				4414601C17C7267500E55D97 /* Model.xcdatamodel */,
			);
			currentVersion = 4414601C17C7267500E55D97 /* Model.xcdatamodel */;
			path = Model.xcdatamodeld;
			sourceTree = "<group>";
			versionGroupType = wrapper.xcdatamodel;
		};
/* End XCVersionGroup section */
	};
	rootObject = 97A1402717C5CC0100A92089 /* Project object */;
}
